# This file is automatically @generated by Cargo.
# It is not intended for manual editing.
version = 3

[[package]]
name = "file-sync-core"
version = "0.1.0"

[[package]]
name = "rendezvous-client"
version = "0.1.0"
dependencies = [
 "file-sync-core",
]

[[package]]
name = "rendezvous-server"
version = "0.1.0"
dependencies = [
 "file-sync-core",
]
